
Microsoft Visual Studio Solution File, Format Version 12.00
# Visual Studio Version 17
VisualStudioVersion = 17.14.36212.18
MinimumVisualStudioVersion = 10.0.40219.1
Project("{FAE04EC0-301F-11D3-BF4B-00C04F79EFBC}") = "PerRead_Server", "PerRead_Server\PerRead_Server.csproj", "{81BB455B-2C2F-4EE3-B150-0928D08BB973}"
EndProject
Global
	GlobalSection(SolutionConfigurationPlatforms) = preSolution
		Debug|Any CPU = Debug|Any CPU
		Release|Any CPU = Release|Any CPU
	EndGlobalSection
	GlobalSection(ProjectConfigurationPlatforms) = postSolution
		{81BB455B-2C2F-4EE3-B150-0928D08BB973}.Debug|Any CPU.ActiveCfg = Debug|Any CPU
		{81BB455B-2C2F-4EE3-B150-0928D08BB973}.Debug|Any CPU.Build.0 = Debug|Any CPU
		{81BB455B-2C2F-4EE3-B150-0928D08BB973}.Release|Any CPU.ActiveCfg = Release|Any CPU
		{81BB455B-2C2F-4EE3-B150-0928D08BB973}.Release|Any CPU.Build.0 = Release|Any CPU
	EndGlobalSection
	GlobalSection(SolutionProperties) = preSolution
		HideSolutionNode = FALSE
	EndGlobalSection
	GlobalSection(ExtensibilityGlobals) = postSolution
		SolutionGuid = {5DFDE961-C173-4902-8B6C-79FB0ECB099A}
	EndGlobalSection
EndGlobal
